// !$*UTF8*$!
{
	archiveVersion = 1;
	classes = {
	};
	objectVersion = 55;
	objects = {

/* Begin PBXBuildFile section */
		572FE2A4280B583F00B0AA2B /* EmojiArtApp.swift in Sources */ = {isa = PBXBuildFile; fileRef = 572FE2A3280B583F00B0AA2B /* EmojiArtApp.swift */; };
		572FE2A6280B583F00B0AA2B /* EmojiArtDocumentView.swift in Sources */ = {isa = PBXBuildFile; fileRef = 572FE2A5280B583F00B0AA2B /* EmojiArtDocumentView.swift */; };
		572FE2A8280B584300B0AA2B /* Assets.xcassets in Resources */ = {isa = PBXBuildFile; fileRef = 572FE2A7280B584300B0AA2B /* Assets.xcassets */; };
		572FE2B2280B79A200B0AA2B /* EmojiArtModel.swift in Sources */ = {isa = PBXBuildFile; fileRef = 572FE2B1280B79A200B0AA2B /* EmojiArtModel.swift */; };
		572FE2B4280B7D3400B0AA2B /* EmojiArtModel.Background.swift in Sources */ = {isa = PBXBuildFile; fileRef = 572FE2B3280B7D3400B0AA2B /* EmojiArtModel.Background.swift */; };
		572FE2B6280B7F0900B0AA2B /* EmojiArtDocument.swift in Sources */ = {isa = PBXBuildFile; fileRef = 572FE2B5280B7F0900B0AA2B /* EmojiArtDocument.swift */; };
		572FE2B9280B83B300B0AA2B /* Utility.swift in Sources */ = {isa = PBXBuildFile; fileRef = 572FE2B8280B83B300B0AA2B /* Utility.swift */; };
		572FE2BB280B929800B0AA2B /* DocumentBodyView.swift in Sources */ = {isa = PBXBuildFile; fileRef = 572FE2BA280B929800B0AA2B /* DocumentBodyView.swift */; };
		572FE2BD280B92A600B0AA2B /* ScrollingEmojisView.swift in Sources */ = {isa = PBXBuildFile; fileRef = 572FE2BC280B92A600B0AA2B /* ScrollingEmojisView.swift */; };
		572FE2BF280B9DAA00B0AA2B /* MockEmoji.swift in Sources */ = {isa = PBXBuildFile; fileRef = 572FE2BE280B9DAA00B0AA2B /* MockEmoji.swift */; };
/* End PBXBuildFile section */

/* Begin PBXFileReference section */
		572FE2A0280B583F00B0AA2B /* EmojiArt.app */ = {isa = PBXFileReference; explicitFileType = wrapper.application; includeInIndex = 0; path = EmojiArt.app; sourceTree = BUILT_PRODUCTS_DIR; };
		572FE2A3280B583F00B0AA2B /* EmojiArtApp.swift */ = {isa = PBXFileReference; lastKnownFileType = sourcecode.swift; path = EmojiArtApp.swift; sourceTree = "<group>"; };
		572FE2A5280B583F00B0AA2B /* EmojiArtDocumentView.swift */ = {isa = PBXFileReference; lastKnownFileType = sourcecode.swift; path = EmojiArtDocumentView.swift; sourceTree = "<group>"; };
		572FE2A7280B584300B0AA2B /* Assets.xcassets */ = {isa = PBXFileReference; lastKnownFileType = folder.assetcatalog; path = Assets.xcassets; sourceTree = "<group>"; };
		572FE2B1280B79A200B0AA2B /* EmojiArtModel.swift */ = {isa = PBXFileReference; lastKnownFileType = sourcecode.swift; path = EmojiArtModel.swift; sourceTree = "<group>"; };
		572FE2B3280B7D3400B0AA2B /* EmojiArtModel.Background.swift */ = {isa = PBXFileReference; lastKnownFileType = sourcecode.swift; path = EmojiArtModel.Background.swift; sourceTree = "<group>"; };
		572FE2B5280B7F0900B0AA2B /* EmojiArtDocument.swift */ = {isa = PBXFileReference; lastKnownFileType = sourcecode.swift; path = EmojiArtDocument.swift; sourceTree = "<group>"; };
		572FE2B8280B83B300B0AA2B /* Utility.swift */ = {isa = PBXFileReference; lastKnownFileType = sourcecode.swift; path = Utility.swift; sourceTree = "<group>"; };
		572FE2BA280B929800B0AA2B /* DocumentBodyView.swift */ = {isa = PBXFileReference; lastKnownFileType = sourcecode.swift; path = DocumentBodyView.swift; sourceTree = "<group>"; };
		572FE2BC280B92A600B0AA2B /* ScrollingEmojisView.swift */ = {isa = PBXFileReference; lastKnownFileType = sourcecode.swift; path = ScrollingEmojisView.swift; sourceTree = "<group>"; };
		572FE2BE280B9DAA00B0AA2B /* MockEmoji.swift */ = {isa = PBXFileReference; lastKnownFileType = sourcecode.swift; path = MockEmoji.swift; sourceTree = "<group>"; };
/* End PBXFileReference section */

/* Begin PBXFrameworksBuildPhase section */
		572FE29D280B583F00B0AA2B /* Frameworks */ = {
			isa = PBXFrameworksBuildPhase;
			buildActionMask = 2147483647;
			files = (
			);
			runOnlyForDeploymentPostprocessing = 0;
		};
/* End PBXFrameworksBuildPhase section */

/* Begin PBXGroup section */
		572FE297280B583F00B0AA2B = {
			isa = PBXGroup;
			children = (
				572FE2A2280B583F00B0AA2B /* EmojiArt */,
				572FE2A1280B583F00B0AA2B /* Products */,
			);
			sourceTree = "<group>";
		};
		572FE2A1280B583F00B0AA2B /* Products */ = {
			isa = PBXGroup;
			children = (
				572FE2A0280B583F00B0AA2B /* EmojiArt.app */,
			);
			name = Products;
			sourceTree = "<group>";
		};
		572FE2A2280B583F00B0AA2B /* EmojiArt */ = {
			isa = PBXGroup;
			children = (
				5733BBE8280D8046008C0964 /* View */,
				572FE2A7280B584300B0AA2B /* Assets.xcassets */,
				572FE2B1280B79A200B0AA2B /* EmojiArtModel.swift */,
				572FE2B3280B7D3400B0AA2B /* EmojiArtModel.Background.swift */,
				572FE2B5280B7F0900B0AA2B /* EmojiArtDocument.swift */,
				572FE2B8280B83B300B0AA2B /* Utility.swift */,
				572FE2B7280B808E00B0AA2B /* Preview Content */,
				572FE2A3280B583F00B0AA2B /* EmojiArtApp.swift */,
			);
			path = EmojiArt;
			sourceTree = "<group>";
		};
		572FE2B7280B808E00B0AA2B /* Preview Content */ = {
			isa = PBXGroup;
			children = (
				572FE2BE280B9DAA00B0AA2B /* MockEmoji.swift */,
			);
			path = "Preview Content";
			sourceTree = "<group>";
		};
		5733BBE8280D8046008C0964 /* View */ = {
			isa = PBXGroup;
			children = (
				572FE2A5280B583F00B0AA2B /* EmojiArtDocumentView.swift */,
				572FE2BA280B929800B0AA2B /* DocumentBodyView.swift */,
				572FE2BC280B92A600B0AA2B /* ScrollingEmojisView.swift */,
			);
			path = View;
			sourceTree = "<group>";
		};
/* End PBXGroup section */

/* Begin PBXNativeTarget section */
		572FE29F280B583F00B0AA2B /* EmojiArt */ = {
			isa = PBXNativeTarget;
			buildConfigurationList = 572FE2AE280B584300B0AA2B /* Build configuration list for PBXNativeTarget "EmojiArt" */;
			buildPhases = (
				572FE29C280B583F00B0AA2B /* Sources */,
				572FE29D280B583F00B0AA2B /* Frameworks */,
				572FE29E280B583F00B0AA2B /* Resources */,
			);
			buildRules = (
			);
			dependencies = (
			);
			name = EmojiArt;
			productName = EmojiArt;
			productReference = 572FE2A0280B583F00B0AA2B /* EmojiArt.app */;
			productType = "com.apple.product-type.application";
		};
/* End PBXNativeTarget section */

/* Begin PBXProject section */
		572FE298280B583F00B0AA2B /* Project object */ = {
			isa = PBXProject;
			attributes = {
				BuildIndependentTargetsInParallel = 1;
				LastSwiftUpdateCheck = 1320;
				LastUpgradeCheck = 1320;
				TargetAttributes = {
					572FE29F280B583F00B0AA2B = {
						CreatedOnToolsVersion = 13.2.1;
					};
				};
			};
			buildConfigurationList = 572FE29B280B583F00B0AA2B /* Build configuration list for PBXProject "EmojiArt" */;
			compatibilityVersion = "Xcode 13.0";
			developmentRegion = en;
			hasScannedForEncodings = 0;
			knownRegions = (
				en,
				Base,
			);
			mainGroup = 572FE297280B583F00B0AA2B;
			productRefGroup = 572FE2A1280B583F00B0AA2B /* Products */;
			projectDirPath = "";
			projectRoot = "";
			targets = (
				572FE29F280B583F00B0AA2B /* EmojiArt */,
			);
		};
/* End PBXProject section */

/* Begin PBXResourcesBuildPhase section */
		572FE29E280B583F00B0AA2B /* Resources */ = {
			isa = PBXResourcesBuildPhase;
			buildActionMask = 2147483647;
			files = (
				572FE2A8280B584300B0AA2B /* Assets.xcassets in Resources */,
			);
			runOnlyForDeploymentPostprocessing = 0;
		};
/* End PBXResourcesBuildPhase section */

/* Begin PBXSourcesBuildPhase section */
		572FE29C280B583F00B0AA2B /* Sources */ = {
			isa = PBXSourcesBuildPhase;
			buildActionMask = 2147483647;
			files = (
				572FE2BB280B929800B0AA2B /* DocumentBodyView.swift in Sources */,
				572FE2A6280B583F00B0AA2B /* EmojiArtDocumentView.swift in Sources */,
				572FE2A4280B583F00B0AA2B /* EmojiArtApp.swift in Sources */,
				572FE2B9280B83B300B0AA2B /* Utility.swift in Sources */,
				572FE2BF280B9DAA00B0AA2B /* MockEmoji.swift in Sources */,
				572FE2B6280B7F0900B0AA2B /* EmojiArtDocument.swift in Sources */,
				572FE2B2280B79A200B0AA2B /* EmojiArtModel.swift in Sources */,
				572FE2BD280B92A600B0AA2B /* ScrollingEmojisView.swift in Sources */,
				572FE2B4280B7D3400B0AA2B /* EmojiArtModel.Background.swift in Sources */,
			);
			runOnlyForDeploymentPostprocessing = 0;
		};
/* End PBXSourcesBuildPhase section */

/* Begin XCBuildConfiguration section */
		572FE2AC280B584300B0AA2B /* Debug */ = {
			isa = XCBuildConfiguration;
			buildSettings = {
				ALWAYS_SEARCH_USER_PATHS = NO;
				CLANG_ANALYZER_NONNULL = YES;
				CLANG_ANALYZER_NUMBER_OBJECT_CONVERSION = YES_AGGRESSIVE;
				CLANG_CXX_LANGUAGE_STANDARD = "gnu++17";
				CLANG_CXX_LIBRARY = "libc++";
				CLANG_ENABLE_MODULES = YES;
				CLANG_ENABLE_OBJC_ARC = YES;
				CLANG_ENABLE_OBJC_WEAK = YES;
				CLANG_WARN_BLOCK_CAPTURE_AUTORELEASING = YES;
				CLANG_WARN_BOOL_CONVERSION = YES;
				CLANG_WARN_COMMA = YES;
				CLANG_WARN_CONSTANT_CONVERSION = YES;
				CLANG_WARN_DEPRECATED_OBJC_IMPLEMENTATIONS = YES;
				CLANG_WARN_DIRECT_OBJC_ISA_USAGE = YES_ERROR;
				CLANG_WARN_DOCUMENTATION_COMMENTS = YES;
				CLANG_WARN_EMPTY_BODY = YES;
				CLANG_WARN_ENUM_CONVERSION = YES;
				CLANG_WARN_INFINITE_RECURSION = YES;
				CLANG_WARN_INT_CONVERSION = YES;
				CLANG_WARN_NON_LITERAL_NULL_CONVERSION = YES;
				CLANG_WARN_OBJC_IMPLICIT_RETAIN_SELF = YES;
				CLANG_WARN_OBJC_LITERAL_CONVERSION = YES;
				CLANG_WARN_OBJC_ROOT_CLASS = YES_ERROR;
				CLANG_WARN_QUOTED_INCLUDE_IN_FRAMEWORK_HEADER = YES;
				CLANG_WARN_RANGE_LOOP_ANALYSIS = YES;
				CLANG_WARN_STRICT_PROTOTYPES = YES;
				CLANG_WARN_SUSPICIOUS_MOVE = YES;
				CLANG_WARN_UNGUARDED_AVAILABILITY = YES_AGGRESSIVE;
				CLANG_WARN_UNREACHABLE_CODE = YES;
				CLANG_WARN__DUPLICATE_METHOD_MATCH = YES;
				COPY_PHASE_STRIP = NO;
				DEBUG_INFORMATION_FORMAT = dwarf;
				ENABLE_STRICT_OBJC_MSGSEND = YES;
				ENABLE_TESTABILITY = YES;
				GCC_C_LANGUAGE_STANDARD = gnu11;
				GCC_DYNAMIC_NO_PIC = NO;
				GCC_NO_COMMON_BLOCKS = YES;
				GCC_OPTIMIZATION_LEVEL = 0;
				GCC_PREPROCESSOR_DEFINITIONS = (
					"DEBUG=1",
					"$(inherited)",
				);
				GCC_WARN_64_TO_32_BIT_CONVERSION = YES;
				GCC_WARN_ABOUT_RETURN_TYPE = YES_ERROR;
				GCC_WARN_UNDECLARED_SELECTOR = YES;
				GCC_WARN_UNINITIALIZED_AUTOS = YES_AGGRESSIVE;
				GCC_WARN_UNUSED_FUNCTION = YES;
				GCC_WARN_UNUSED_VARIABLE = YES;
				IPHONEOS_DEPLOYMENT_TARGET = 15.2;
				MTL_ENABLE_DEBUG_INFO = INCLUDE_SOURCE;
				MTL_FAST_MATH = YES;
				ONLY_ACTIVE_ARCH = YES;
				SDKROOT = iphoneos;
				SWIFT_ACTIVE_COMPILATION_CONDITIONS = DEBUG;
				SWIFT_OPTIMIZATION_LEVEL = "-Onone";
			};
			name = Debug;
		};
		572FE2AD280B584300B0AA2B /* Release */ = {
			isa = XCBuildConfiguration;
			buildSettings = {
				ALWAYS_SEARCH_USER_PATHS = NO;
				CLANG_ANALYZER_NONNULL = YES;
				CLANG_ANALYZER_NUMBER_OBJECT_CONVERSION = YES_AGGRESSIVE;
				CLANG_CXX_LANGUAGE_STANDARD = "gnu++17";
				CLANG_CXX_LIBRARY = "libc++";
				CLANG_ENABLE_MODULES = YES;
				CLANG_ENABLE_OBJC_ARC = YES;
				CLANG_ENABLE_OBJC_WEAK = YES;
				CLANG_WARN_BLOCK_CAPTURE_AUTORELEASING = YES;
				CLANG_WARN_BOOL_CONVERSION = YES;
				CLANG_WARN_COMMA = YES;
				CLANG_WARN_CONSTANT_CONVERSION = YES;
				CLANG_WARN_DEPRECATED_OBJC_IMPLEMENTATIONS = YES;
				CLANG_WARN_DIRECT_OBJC_ISA_USAGE = YES_ERROR;
				CLANG_WARN_DOCUMENTATION_COMMENTS = YES;
				CLANG_WARN_EMPTY_BODY = YES;
				CLANG_WARN_ENUM_CONVERSION = YES;
				CLANG_WARN_INFINITE_RECURSION = YES;
				CLANG_WARN_INT_CONVERSION = YES;
				CLANG_WARN_NON_LITERAL_NULL_CONVERSION = YES;
				CLANG_WARN_OBJC_IMPLICIT_RETAIN_SELF = YES;
				CLANG_WARN_OBJC_LITERAL_CONVERSION = YES;
				CLANG_WARN_OBJC_ROOT_CLASS = YES_ERROR;
				CLANG_WARN_QUOTED_INCLUDE_IN_FRAMEWORK_HEADER = YES;
				CLANG_WARN_RANGE_LOOP_ANALYSIS = YES;
				CLANG_WARN_STRICT_PROTOTYPES = YES;
				CLANG_WARN_SUSPICIOUS_MOVE = YES;
				CLANG_WARN_UNGUARDED_AVAILABILITY = YES_AGGRESSIVE;
				CLANG_WARN_UNREACHABLE_CODE = YES;
				CLANG_WARN__DUPLICATE_METHOD_MATCH = YES;
				COPY_PHASE_STRIP = NO;
				DEBUG_INFORMATION_FORMAT = "dwarf-with-dsym";
				ENABLE_NS_ASSERTIONS = NO;
				ENABLE_STRICT_OBJC_MSGSEND = YES;
				GCC_C_LANGUAGE_STANDARD = gnu11;
				GCC_NO_COMMON_BLOCKS = YES;
				GCC_WARN_64_TO_32_BIT_CONVERSION = YES;
				GCC_WARN_ABOUT_RETURN_TYPE = YES_ERROR;
				GCC_WARN_UNDECLARED_SELECTOR = YES;
				GCC_WARN_UNINITIALIZED_AUTOS = YES_AGGRESSIVE;
				GCC_WARN_UNUSED_FUNCTION = YES;
				GCC_WARN_UNUSED_VARIABLE = YES;
				IPHONEOS_DEPLOYMENT_TARGET = 15.2;
				MTL_ENABLE_DEBUG_INFO = NO;
				MTL_FAST_MATH = YES;
				SDKROOT = iphoneos;
				SWIFT_COMPILATION_MODE = wholemodule;
				SWIFT_OPTIMIZATION_LEVEL = "-O";
				VALIDATE_PRODUCT = YES;
			};
			name = Release;
		};
		572FE2AF280B584300B0AA2B /* Debug */ = {
			isa = XCBuildConfiguration;
			buildSettings = {
				ASSETCATALOG_COMPILER_APPICON_NAME = AppIcon;
				ASSETCATALOG_COMPILER_GLOBAL_ACCENT_COLOR_NAME = AccentColor;
				CODE_SIGN_STYLE = Automatic;
				CURRENT_PROJECT_VERSION = 1;
				DEVELOPMENT_ASSET_PATHS = "\"EmojiArt/Preview Content\"";
				DEVELOPMENT_TEAM = BA564A2C6S;
				ENABLE_PREVIEWS = YES;
				GENERATE_INFOPLIST_FILE = YES;
				INFOPLIST_KEY_UIApplicationSceneManifest_Generation = YES;
				INFOPLIST_KEY_UIApplicationSupportsIndirectInputEvents = YES;
				INFOPLIST_KEY_UILaunchScreen_Generation = YES;
				INFOPLIST_KEY_UISupportedInterfaceOrientations_iPad = "UIInterfaceOrientationPortrait UIInterfaceOrientationPortraitUpsideDown UIInterfaceOrientationLandscapeLeft UIInterfaceOrientationLandscapeRight";
				INFOPLIST_KEY_UISupportedInterfaceOrientations_iPhone = "UIInterfaceOrientationPortrait UIInterfaceOrientationLandscapeLeft UIInterfaceOrientationLandscapeRight";
				LD_RUNPATH_SEARCH_PATHS = (
					"$(inherited)",
					"@executable_path/Frameworks",
				);
				MARKETING_VERSION = 1.0;
				PRODUCT_BUNDLE_IDENTIFIER = com.yeskin.EmojiArt;
				PRODUCT_NAME = "$(TARGET_NAME)";
				SWIFT_EMIT_LOC_STRINGS = YES;
				SWIFT_VERSION = 5.0;
				TARGETED_DEVICE_FAMILY = "1,2";
			};
			name = Debug;
		};
		572FE2B0280B584300B0AA2B /* Release */ = {
			isa = XCBuildConfiguration;
			buildSettings = {
				ASSETCATALOG_COMPILER_APPICON_NAME = AppIcon;
				ASSETCATALOG_COMPILER_GLOBAL_ACCENT_COLOR_NAME = AccentColor;
				CODE_SIGN_STYLE = Automatic;
				CURRENT_PROJECT_VERSION = 1;
				DEVELOPMENT_ASSET_PATHS = "\"EmojiArt/Preview Content\"";
				DEVELOPMENT_TEAM = BA564A2C6S;
				ENABLE_PREVIEWS = YES;
				GENERATE_INFOPLIST_FILE = YES;
				INFOPLIST_KEY_UIApplicationSceneManifest_Generation = YES;
				INFOPLIST_KEY_UIApplicationSupportsIndirectInputEvents = YES;
				INFOPLIST_KEY_UILaunchScreen_Generation = YES;
				INFOPLIST_KEY_UISupportedInterfaceOrientations_iPad = "UIInterfaceOrientationPortrait UIInterfaceOrientationPortraitUpsideDown UIInterfaceOrientationLandscapeLeft UIInterfaceOrientationLandscapeRight";
				INFOPLIST_KEY_UISupportedInterfaceOrientations_iPhone = "UIInterfaceOrientationPortrait UIInterfaceOrientationLandscapeLeft UIInterfaceOrientationLandscapeRight";
				LD_RUNPATH_SEARCH_PATHS = (
					"$(inherited)",
					"@executable_path/Frameworks",
				);
				MARKETING_VERSION = 1.0;
				PRODUCT_BUNDLE_IDENTIFIER = com.yeskin.EmojiArt;
				PRODUCT_NAME = "$(TARGET_NAME)";
				SWIFT_EMIT_LOC_STRINGS = YES;
				SWIFT_VERSION = 5.0;
				TARGETED_DEVICE_FAMILY = "1,2";
			};
			name = Release;
		};
/* End XCBuildConfiguration section */

/* Begin XCConfigurationList section */
		572FE29B280B583F00B0AA2B /* Build configuration list for PBXProject "EmojiArt" */ = {
			isa = XCConfigurationList;
			buildConfigurations = (
				572FE2AC280B584300B0AA2B /* Debug */,
				572FE2AD280B584300B0AA2B /* Release */,
			);
			defaultConfigurationIsVisible = 0;
			defaultConfigurationName = Release;
		};
		572FE2AE280B584300B0AA2B /* Build configuration list for PBXNativeTarget "EmojiArt" */ = {
			isa = XCConfigurationList;
			buildConfigurations = (
				572FE2AF280B584300B0AA2B /* Debug */,
				572FE2B0280B584300B0AA2B /* Release */,
			);
			defaultConfigurationIsVisible = 0;
			defaultConfigurationName = Release;
		};
/* End XCConfigurationList section */
	};
	rootObject = 572FE298280B583F00B0AA2B /* Project object */;
}
